// !$*UTF8*$!
{
	archiveVersion = 1;
	classes = {
	};
	objectVersion = 56;
	objects = {

/* Begin PBXBuildFile section */
		E4719294-EE78-4BBA-A9B4-B161C2C2A4BA /* main.swift in Sources */ = {isa = PBXBuildFile; fileRef = 0F47D880-E1FD-4192-818F-F2BCC3D9B0DD /* main.swift */; };
		22685CD9-5DD9-455A-A831-941AEB065B64 /* AppDelegate.swift in Sources */ = {isa = PBXBuildFile; fileRef = CE37B4C2-2292-4163-93EE-3F502DDD78D4 /* AppDelegate.swift */; };
		4AF2AF0E-533D-4DAA-85E9-F516FD9FB848 /* AudioManager.swift in Sources */ = {isa = PBXBuildFile; fileRef = C934BCD0-F3C0-4FC9-9D70-876CA89DE3D1 /* AudioManager.swift */; };
		355E05ED-DDC1-4155-8B21-8E1685FD08A7 /* MenuBuilder.swift in Sources */ = {isa = PBXBuildFile; fileRef = D5F4CAA5-6E28-47EB-AA2C-A01344D026E7 /* MenuBuilder.swift */; };
		B1FDF6AD-2F7A-49E3-AEF2-7F045525FC59 /* LaunchAgentManager.swift in Sources */ = {isa = PBXBuildFile; fileRef = 7B9872CA-B651-48D0-9546-4AF5F7102A69 /* LaunchAgentManager.swift */; };
		9D8CC6D4-ED1C-42DB-850B-54DCAA3A9D5A /* L10n.swift in Sources */ = {isa = PBXBuildFile; fileRef = 7FC2649C-F99F-4EA3-A711-BA106DE775C9 /* L10n.swift */; };
		46805CBF-2FB7-40FF-A6EE-3139F02452FA /* StateStore.swift in Sources */ = {isa = PBXBuildFile; fileRef = 13CF58DC-CF09-4F4D-827B-2F04297D3920 /* StateStore.swift */; };
		7E0E4479-47E8-4734-92BC-425A644C1262 /* AudioDeviceUtils.swift in Sources */ = {isa = PBXBuildFile; fileRef = A57C2CEE-81E2-4218-8794-BBFB4DADD742 /* AudioDeviceUtils.swift */; };
		BB292C93-3C19-498F-B91C-6CA4B9DD169C /* MicKeepAliveConstants.swift in Sources */ = {isa = PBXBuildFile; fileRef = BA1CB93E-314E-40CB-AB6C-BEB6E1FF62D9 /* MicKeepAliveConstants.swift */; };
		AA11BB22CC33DD44EE55FF01 /* AudioLevel.swift in Sources */ = {isa = PBXBuildFile; fileRef = AA11BB22CC33DD44EE55FF00 /* AudioLevel.swift */; };
		AA11BB22CC33DD44EE55FF02 /* AudioLevel.swift in Sources */ = {isa = PBXBuildFile; fileRef = AA11BB22CC33DD44EE55FF00 /* AudioLevel.swift */; };
		3BF5AD3D-B5A5-46E0-B8AB-BEA9B3B411C5 /* AVFoundation.framework in Frameworks */ = {isa = PBXBuildFile; fileRef = 90D8FCC7-901A-499B-8D76-7ABAD7EA4987 /* AVFoundation.framework */; };
		F4FAD4B2-0768-46C9-8F20-7D5FA070D1B3 /* CoreAudio.framework in Frameworks */ = {isa = PBXBuildFile; fileRef = E53C6689-9CBB-4BD0-B17F-5247091A8190 /* CoreAudio.framework */; };
		17B4A96C-CAED-4524-8774-C0AB9AC274C6 /* main.swift in Sources */ = {isa = PBXBuildFile; fileRef = 7DC801B3-5EA8-442D-9E85-5A4EEC06E04A /* main.swift */; };
		67C5F6EB-A79D-4770-A823-D49BE3FDE08C /* CLICommands.swift in Sources */ = {isa = PBXBuildFile; fileRef = 968322F8-05EA-457B-8991-1CBD2CA83419 /* CLICommands.swift */; };
		D8AF3DDB-1ABE-481A-AD0B-38F7A86735C2 /* AudioDeviceUtils.swift in Sources */ = {isa = PBXBuildFile; fileRef = A57C2CEE-81E2-4218-8794-BBFB4DADD742 /* AudioDeviceUtils.swift */; };
		3E98E2AC-36ED-459B-8360-99F68CE0C1AC /* MicKeepAliveConstants.swift in Sources */ = {isa = PBXBuildFile; fileRef = BA1CB93E-314E-40CB-AB6C-BEB6E1FF62D9 /* MicKeepAliveConstants.swift */; };
		0F64A344-69C9-4F3D-A50A-902CED7A95A5 /* AVFoundation.framework in Frameworks */ = {isa = PBXBuildFile; fileRef = 90D8FCC7-901A-499B-8D76-7ABAD7EA4987 /* AVFoundation.framework */; };
		423E4907-14D5-43FC-B797-FF72C00E937F /* CoreAudio.framework in Frameworks */ = {isa = PBXBuildFile; fileRef = E53C6689-9CBB-4BD0-B17F-5247091A8190 /* CoreAudio.framework */; };
/* End PBXBuildFile section */

/* Begin PBXFileReference section */
		2493E14F-6E3D-4E31-BEFF-ACA60CA9DACA /* MicKeepAlive.app */ = {isa = PBXFileReference; explicitFileType = wrapper.application; includeInIndex = 0; path = MicKeepAlive.app; sourceTree = BUILT_PRODUCTS_DIR; };
		C7FC23DF-9C5C-4856-9858-8A87688B55C9 /* mkctl */ = {isa = PBXFileReference; explicitFileType = "compiled.mach-o.executable"; includeInIndex = 0; path = mkctl; sourceTree = BUILT_PRODUCTS_DIR; };
		0F47D880-E1FD-4192-818F-F2BCC3D9B0DD /* main.swift */ = {isa = PBXFileReference; lastKnownFileType = sourcecode.swift; path = main.swift; sourceTree = "<group>"; };
		CE37B4C2-2292-4163-93EE-3F502DDD78D4 /* AppDelegate.swift */ = {isa = PBXFileReference; lastKnownFileType = sourcecode.swift; path = AppDelegate.swift; sourceTree = "<group>"; };
		C934BCD0-F3C0-4FC9-9D70-876CA89DE3D1 /* AudioManager.swift */ = {isa = PBXFileReference; lastKnownFileType = sourcecode.swift; path = AudioManager.swift; sourceTree = "<group>"; };
		D5F4CAA5-6E28-47EB-AA2C-A01344D026E7 /* MenuBuilder.swift */ = {isa = PBXFileReference; lastKnownFileType = sourcecode.swift; path = MenuBuilder.swift; sourceTree = "<group>"; };
		7B9872CA-B651-48D0-9546-4AF5F7102A69 /* LaunchAgentManager.swift */ = {isa = PBXFileReference; lastKnownFileType = sourcecode.swift; path = LaunchAgentManager.swift; sourceTree = "<group>"; };
		7FC2649C-F99F-4EA3-A711-BA106DE775C9 /* L10n.swift */ = {isa = PBXFileReference; lastKnownFileType = sourcecode.swift; path = L10n.swift; sourceTree = "<group>"; };
		13CF58DC-CF09-4F4D-827B-2F04297D3920 /* StateStore.swift */ = {isa = PBXFileReference; lastKnownFileType = sourcecode.swift; path = StateStore.swift; sourceTree = "<group>"; };
		A57C2CEE-81E2-4218-8794-BBFB4DADD742 /* AudioDeviceUtils.swift */ = {isa = PBXFileReference; lastKnownFileType = sourcecode.swift; path = AudioDeviceUtils.swift; sourceTree = "<group>"; };
		BA1CB93E-314E-40CB-AB6C-BEB6E1FF62D9 /* MicKeepAliveConstants.swift */ = {isa = PBXFileReference; lastKnownFileType = sourcecode.swift; path = MicKeepAliveConstants.swift; sourceTree = "<group>"; };
		AA11BB22CC33DD44EE55FF00 /* AudioLevel.swift */ = {isa = PBXFileReference; lastKnownFileType = sourcecode.swift; path = AudioLevel.swift; sourceTree = "<group>"; };
		5F03969E-29B1-4DE6-BE7A-D4C90310AC84 /* Info.plist */ = {isa = PBXFileReference; lastKnownFileType = text.plist.xml; path = Info.plist; sourceTree = "<group>"; };
		D569EA41-6851-4508-B7AD-B2CFAA78D5A4 /* MicKeepAlive.entitlements */ = {isa = PBXFileReference; lastKnownFileType = text.plist.entitlements; path = MicKeepAlive.entitlements; sourceTree = "<group>"; };
		7DC801B3-5EA8-442D-9E85-5A4EEC06E04A /* main.swift */ = {isa = PBXFileReference; lastKnownFileType = sourcecode.swift; path = main.swift; sourceTree = "<group>"; };
		968322F8-05EA-457B-8991-1CBD2CA83419 /* CLICommands.swift */ = {isa = PBXFileReference; lastKnownFileType = sourcecode.swift; path = CLICommands.swift; sourceTree = "<group>"; };
		90D8FCC7-901A-499B-8D76-7ABAD7EA4987 /* AVFoundation.framework */ = {isa = PBXFileReference; lastKnownFileType = wrapper.framework; name = AVFoundation.framework; path = System/Library/Frameworks/AVFoundation.framework; sourceTree = SDKROOT; };
		E53C6689-9CBB-4BD0-B17F-5247091A8190 /* CoreAudio.framework */ = {isa = PBXFileReference; lastKnownFileType = wrapper.framework; name = CoreAudio.framework; path = System/Library/Frameworks/CoreAudio.framework; sourceTree = SDKROOT; };
/* End PBXFileReference section */

/* Begin PBXFrameworksBuildPhase section */
		5DECA92B-616F-4BF4-9020-4A4751FEF342 /* Frameworks */ = {
			isa = PBXFrameworksBuildPhase;
			buildActionMask = 2147483647;
			files = (
				3BF5AD3D-B5A5-46E0-B8AB-BEA9B3B411C5 /* AVFoundation.framework in Frameworks */,
				F4FAD4B2-0768-46C9-8F20-7D5FA070D1B3 /* CoreAudio.framework in Frameworks */,
			);
			runOnlyForDeploymentPostprocessing = 0;
		};
		579BD8F9-8E48-4B81-B2C5-ABEF8DFDF5A3 /* Frameworks */ = {
			isa = PBXFrameworksBuildPhase;
			buildActionMask = 2147483647;
			files = (
				0F64A344-69C9-4F3D-A50A-902CED7A95A5 /* AVFoundation.framework in Frameworks */,
				423E4907-14D5-43FC-B797-FF72C00E937F /* CoreAudio.framework in Frameworks */,
			);
			runOnlyForDeploymentPostprocessing = 0;
		};
/* End PBXFrameworksBuildPhase section */

/* Begin PBXGroup section */
		6F0ECF07-2ED4-4CFA-A6C8-B5B18C47AE1A /* MicKeepAlive */ = {
			isa = PBXGroup;
			children = (
				672CEA5C-825D-4458-9025-D55D8172E069 /* MicKeepAlive */,
				6DE08338-E604-4468-8298-E8866136F3EB /* mkctl */,
				EC8EB569-1F29-4CF2-A6BD-0290D0F61CEA /* Frameworks */,
				FCD17575-9BFC-4DEE-9F16-FDB7CF99E8EC /* Products */,
			);
			sourceTree = "<group>";
		};
		FCD17575-9BFC-4DEE-9F16-FDB7CF99E8EC /* Products */ = {
			isa = PBXGroup;
			children = (
				2493E14F-6E3D-4E31-BEFF-ACA60CA9DACA /* MicKeepAlive.app */,
				C7FC23DF-9C5C-4856-9858-8A87688B55C9 /* mkctl */,
			);
			name = Products;
			sourceTree = "<group>";
		};
		672CEA5C-825D-4458-9025-D55D8172E069 /* MicKeepAlive */ = {
			isa = PBXGroup;
			children = (
				0F47D880-E1FD-4192-818F-F2BCC3D9B0DD /* main.swift */,
				CE37B4C2-2292-4163-93EE-3F502DDD78D4 /* AppDelegate.swift */,
				C934BCD0-F3C0-4FC9-9D70-876CA89DE3D1 /* AudioManager.swift */,
				D5F4CAA5-6E28-47EB-AA2C-A01344D026E7 /* MenuBuilder.swift */,
				7B9872CA-B651-48D0-9546-4AF5F7102A69 /* LaunchAgentManager.swift */,
				7FC2649C-F99F-4EA3-A711-BA106DE775C9 /* L10n.swift */,
				13CF58DC-CF09-4F4D-827B-2F04297D3920 /* StateStore.swift */,
				A57C2CEE-81E2-4218-8794-BBFB4DADD742 /* AudioDeviceUtils.swift */,
				BA1CB93E-314E-40CB-AB6C-BEB6E1FF62D9 /* MicKeepAliveConstants.swift */,
				AA11BB22CC33DD44EE55FF00 /* AudioLevel.swift */,
				5F03969E-29B1-4DE6-BE7A-D4C90310AC84 /* Info.plist */,
				D569EA41-6851-4508-B7AD-B2CFAA78D5A4 /* MicKeepAlive.entitlements */,
			);
			path = MicKeepAlive;
			sourceTree = "<group>";
		};
		6DE08338-E604-4468-8298-E8866136F3EB /* mkctl */ = {
			isa = PBXGroup;
			children = (
				7DC801B3-5EA8-442D-9E85-5A4EEC06E04A /* main.swift */,
				968322F8-05EA-457B-8991-1CBD2CA83419 /* CLICommands.swift */,
			);
			path = mkctl;
			sourceTree = "<group>";
		};
		EC8EB569-1F29-4CF2-A6BD-0290D0F61CEA /* Frameworks */ = {
			isa = PBXGroup;
			children = (
				90D8FCC7-901A-499B-8D76-7ABAD7EA4987 /* AVFoundation.framework */,
				E53C6689-9CBB-4BD0-B17F-5247091A8190 /* CoreAudio.framework */,
			);
			name = Frameworks;
			sourceTree = "<group>";
		};
/* End PBXGroup section */

/* Begin PBXNativeTarget section */
		25B551FF-BFFE-47A8-8060-77343C3B3BE6 /* MicKeepAlive */ = {
			isa = PBXNativeTarget;
			buildConfigurationList = 8BB0C522-0BBB-449C-A9C9-E7C30131FF2A /* Build configuration list for PBXNativeTarget "MicKeepAlive" */;
			buildPhases = (
				828FE717-BFFA-478F-8C65-24D43299204E /* Sources */,
				5DECA92B-616F-4BF4-9020-4A4751FEF342 /* Frameworks */,
			);
			buildRules = (
			);
			dependencies = (
			);
			name = MicKeepAlive;
			productName = MicKeepAlive;
			productReference = 2493E14F-6E3D-4E31-BEFF-ACA60CA9DACA /* MicKeepAlive.app */;
			productType = "com.apple.product-type.application";
		};
		76109502-381C-4762-B032-EA0284066AF5 /* mkctl */ = {
			isa = PBXNativeTarget;
			buildConfigurationList = F4D9D9A7-076F-4DFD-86F1-29C353EFAC18 /* Build configuration list for PBXNativeTarget "mkctl" */;
			buildPhases = (
				4A5748CC-4689-43D4-A5A1-6CDAF2A4A866 /* Sources */,
				579BD8F9-8E48-4B81-B2C5-ABEF8DFDF5A3 /* Frameworks */,
			);
			buildRules = (
			);
			dependencies = (
			);
			name = mkctl;
			productName = mkctl;
			productReference = C7FC23DF-9C5C-4856-9858-8A87688B55C9 /* mkctl */;
			productType = "com.apple.product-type.tool";
		};
/* End PBXNativeTarget section */

/* Begin PBXProject section */
		BF3F3129-2413-4A9A-A209-5B6975931F7E /* Project object */ = {
			isa = PBXProject;
			buildConfigurationList = 54E513CF-F05F-4724-8799-EB4DAFAEA3EF /* Build configuration list for PBXProject "MicKeepAlive" */;
			compatibilityVersion = "Xcode 14.0";
			developmentRegion = en;
			hasScannedForEncodings = 0;
			knownRegions = (
				en,
				Base,
			);
			mainGroup = 6F0ECF07-2ED4-4CFA-A6C8-B5B18C47AE1A;
			productRefGroup = FCD17575-9BFC-4DEE-9F16-FDB7CF99E8EC /* Products */;
			projectDirPath = "";
			projectRoot = "";
			targets = (
				25B551FF-BFFE-47A8-8060-77343C3B3BE6 /* MicKeepAlive */,
				76109502-381C-4762-B032-EA0284066AF5 /* mkctl */,
			);
		};
/* End PBXProject section */

/* Begin PBXSourcesBuildPhase section */
		828FE717-BFFA-478F-8C65-24D43299204E /* Sources */ = {
			isa = PBXSourcesBuildPhase;
			buildActionMask = 2147483647;
			files = (
				E4719294-EE78-4BBA-A9B4-B161C2C2A4BA /* main.swift in Sources */,
				22685CD9-5DD9-455A-A831-941AEB065B64 /* AppDelegate.swift in Sources */,
				4AF2AF0E-533D-4DAA-85E9-F516FD9FB848 /* AudioManager.swift in Sources */,
				355E05ED-DDC1-4155-8B21-8E1685FD08A7 /* MenuBuilder.swift in Sources */,
				B1FDF6AD-2F7A-49E3-AEF2-7F045525FC59 /* LaunchAgentManager.swift in Sources */,
				9D8CC6D4-ED1C-42DB-850B-54DCAA3A9D5A /* L10n.swift in Sources */,
				46805CBF-2FB7-40FF-A6EE-3139F02452FA /* StateStore.swift in Sources */,
				7E0E4479-47E8-4734-92BC-425A644C1262 /* AudioDeviceUtils.swift in Sources */,
				BB292C93-3C19-498F-B91C-6CA4B9DD169C /* MicKeepAliveConstants.swift in Sources */,
				AA11BB22CC33DD44EE55FF01 /* AudioLevel.swift in Sources */,
			);
			runOnlyForDeploymentPostprocessing = 0;
		};
		4A5748CC-4689-43D4-A5A1-6CDAF2A4A866 /* Sources */ = {
			isa = PBXSourcesBuildPhase;
			buildActionMask = 2147483647;
			files = (
				17B4A96C-CAED-4524-8774-C0AB9AC274C6 /* main.swift in Sources */,
				67C5F6EB-A79D-4770-A823-D49BE3FDE08C /* CLICommands.swift in Sources */,
				D8AF3DDB-1ABE-481A-AD0B-38F7A86735C2 /* AudioDeviceUtils.swift in Sources */,
				3E98E2AC-36ED-459B-8360-99F68CE0C1AC /* MicKeepAliveConstants.swift in Sources */,
				AA11BB22CC33DD44EE55FF02 /* AudioLevel.swift in Sources */,
			);
			runOnlyForDeploymentPostprocessing = 0;
		};
/* End PBXSourcesBuildPhase section */

/* Begin XCBuildConfiguration section */
		0A59E6EA-1442-42D9-AFC8-810C58D1001F /* Debug */ = {
			isa = XCBuildConfiguration;
			buildSettings = {
				ALWAYS_SEARCH_USER_PATHS = NO;
				CLANG_ANALYZER_NONNULL = YES;
				CLANG_CXX_LANGUAGE_STANDARD = "gnu++17";
				CLANG_ENABLE_MODULES = YES;
				CLANG_ENABLE_OBJC_ARC = YES;
				COPY_PHASE_STRIP = NO;
				DEBUG_INFORMATION_FORMAT = dwarf;
				ENABLE_STRICT_OBJC_MSGSEND = YES;
				GCC_C_LANGUAGE_STANDARD = gnu17;
				GCC_DYNAMIC_NO_PIC = NO;
				GCC_NO_COMMON_BLOCKS = YES;
				GCC_OPTIMIZATION_LEVEL = 0;
				GCC_PREPROCESSOR_DEFINITIONS = (
					"DEBUG=1",
					"$(inherited)",
				);
				GCC_WARN_64_TO_32_BIT_CONVERSION = YES;
				GCC_WARN_ABOUT_RETURN_TYPE = YES_ERROR;
				GCC_WARN_UNDECLARED_SELECTOR = YES;
				GCC_WARN_UNINITIALIZED_AUTOS = YES_AGGRESSIVE;
				GCC_WARN_UNUSED_FUNCTION = YES;
				GCC_WARN_UNUSED_VARIABLE = YES;
				MTL_ENABLE_DEBUG_INFO = INCLUDE_SOURCE;
				MTL_FAST_MATH = YES;
				ONLY_ACTIVE_ARCH = YES;
				SDKROOT = macosx;
				SWIFT_ACTIVE_COMPILATION_CONDITIONS = DEBUG;
				SWIFT_OPTIMIZATION_LEVEL = "-Onone";
			};
			name = Debug;
		};
		436E0341-0E72-41C6-9A2C-CE6DEE30A22D /* Release */ = {
			isa = XCBuildConfiguration;
			buildSettings = {
				ALWAYS_SEARCH_USER_PATHS = NO;
				CLANG_ANALYZER_NONNULL = YES;
				CLANG_CXX_LANGUAGE_STANDARD = "gnu++17";
				CLANG_ENABLE_MODULES = YES;
				CLANG_ENABLE_OBJC_ARC = YES;
				COPY_PHASE_STRIP = NO;
				DEBUG_INFORMATION_FORMAT = "dwarf-with-dsym";
				ENABLE_NS_ASSERTIONS = NO;
				ENABLE_STRICT_OBJC_MSGSEND = YES;
				GCC_C_LANGUAGE_STANDARD = gnu17;
				GCC_NO_COMMON_BLOCKS = YES;
				GCC_WARN_64_TO_32_BIT_CONVERSION = YES;
				GCC_WARN_ABOUT_RETURN_TYPE = YES_ERROR;
				GCC_WARN_UNDECLARED_SELECTOR = YES;
				GCC_WARN_UNINITIALIZED_AUTOS = YES_AGGRESSIVE;
				GCC_WARN_UNUSED_FUNCTION = YES;
				GCC_WARN_UNUSED_VARIABLE = YES;
				MTL_ENABLE_DEBUG_INFO = NO;
				MTL_FAST_MATH = YES;
				SDKROOT = macosx;
				SWIFT_COMPILATION_MODE = wholemodule;
				SWIFT_OPTIMIZATION_LEVEL = "-O";
			};
			name = Release;
		};
		73F170DF-0E2D-4B45-8CC5-8D30EC449610 /* Debug */ = {
			isa = XCBuildConfiguration;
			buildSettings = {
				ASSETCATALOG_COMPILER_APPICON_NAME = "";
				CODE_SIGN_ENTITLEMENTS = MicKeepAlive/MicKeepAlive.entitlements;
				CODE_SIGN_STYLE = Automatic;
				COMBINE_HIDPI_IMAGES = YES;
				CURRENT_PROJECT_VERSION = 3;
				DEVELOPMENT_TEAM = "";
				ENABLE_HARDENED_RUNTIME = NO;
				GENERATE_INFOPLIST_FILE = NO;
				INFOPLIST_FILE = MicKeepAlive/Info.plist;
				LD_RUNPATH_SEARCH_PATHS = (
					"$(inherited)",
					"@executable_path/../Frameworks",
				);
				MACOSX_DEPLOYMENT_TARGET = 13.0;
				MARKETING_VERSION = 1.2;
				PRODUCT_BUNDLE_IDENTIFIER = com.example.MicKeepAlive;
				PRODUCT_NAME = MicKeepAlive;
				PROVISIONING_PROFILE_SPECIFIER = "";
				SWIFT_EMIT_LOC_STRINGS = NO;
				SWIFT_VERSION = 5.0;
			};
			name = Debug;
		};
		60874991-347E-40E6-90C6-7A309E110D8B /* Release */ = {
			isa = XCBuildConfiguration;
			buildSettings = {
				ASSETCATALOG_COMPILER_APPICON_NAME = "";
				CODE_SIGN_ENTITLEMENTS = MicKeepAlive/MicKeepAlive.entitlements;
				CODE_SIGN_STYLE = Automatic;
				COMBINE_HIDPI_IMAGES = YES;
				CURRENT_PROJECT_VERSION = 3;
				DEVELOPMENT_TEAM = "";
				ENABLE_HARDENED_RUNTIME = NO;
				GENERATE_INFOPLIST_FILE = NO;
				INFOPLIST_FILE = MicKeepAlive/Info.plist;
				LD_RUNPATH_SEARCH_PATHS = (
					"$(inherited)",
					"@executable_path/../Frameworks",
				);
				MACOSX_DEPLOYMENT_TARGET = 13.0;
				MARKETING_VERSION = 1.2;
				PRODUCT_BUNDLE_IDENTIFIER = com.example.MicKeepAlive;
				PRODUCT_NAME = MicKeepAlive;
				PROVISIONING_PROFILE_SPECIFIER = "";
				SWIFT_EMIT_LOC_STRINGS = NO;
				SWIFT_VERSION = 5.0;
			};
			name = Release;
		};
		C10EB3AB-3BC9-4D8C-AC1F-7FDB095C1AEC /* Debug */ = {
			isa = XCBuildConfiguration;
			buildSettings = {
				CODE_SIGN_STYLE = Automatic;
				CURRENT_PROJECT_VERSION = 3;
				DEVELOPMENT_TEAM = "";
				ENABLE_HARDENED_RUNTIME = NO;
				LD_RUNPATH_SEARCH_PATHS = (
					"$(inherited)",
					"@executable_path/../Frameworks",
				);
				MACOSX_DEPLOYMENT_TARGET = 13.0;
				MARKETING_VERSION = 1.2;
				PRODUCT_BUNDLE_IDENTIFIER = com.example.MicKeepAlive.mkctl;
				PRODUCT_NAME = mkctl;
				PROVISIONING_PROFILE_SPECIFIER = "";
				SWIFT_VERSION = 5.0;
			};
			name = Debug;
		};
		98AC6615-B722-4C1D-8058-611D9AE9E21C /* Release */ = {
			isa = XCBuildConfiguration;
			buildSettings = {
				CODE_SIGN_STYLE = Automatic;
				CURRENT_PROJECT_VERSION = 3;
				DEVELOPMENT_TEAM = "";
				ENABLE_HARDENED_RUNTIME = NO;
				LD_RUNPATH_SEARCH_PATHS = (
					"$(inherited)",
					"@executable_path/../Frameworks",
				);
				MACOSX_DEPLOYMENT_TARGET = 13.0;
				MARKETING_VERSION = 1.2;
				PRODUCT_BUNDLE_IDENTIFIER = com.example.MicKeepAlive.mkctl;
				PRODUCT_NAME = mkctl;
				PROVISIONING_PROFILE_SPECIFIER = "";
				SWIFT_VERSION = 5.0;
			};
			name = Release;
		};
/* End XCBuildConfiguration section */

/* Begin XCConfigurationList section */
		54E513CF-F05F-4724-8799-EB4DAFAEA3EF /* Build configuration list for PBXProject "MicKeepAlive" */ = {
			isa = XCConfigurationList;
			buildConfigurations = (
				0A59E6EA-1442-42D9-AFC8-810C58D1001F /* Debug */,
				436E0341-0E72-41C6-9A2C-CE6DEE30A22D /* Release */,
			);
			defaultConfigurationIsVisible = 0;
			defaultConfigurationName = Release;
		};
		8BB0C522-0BBB-449C-A9C9-E7C30131FF2A /* Build configuration list for PBXNativeTarget "MicKeepAlive" */ = {
			isa = XCConfigurationList;
			buildConfigurations = (
				73F170DF-0E2D-4B45-8CC5-8D30EC449610 /* Debug */,
				60874991-347E-40E6-90C6-7A309E110D8B /* Release */,
			);
			defaultConfigurationIsVisible = 0;
			defaultConfigurationName = Release;
		};
		F4D9D9A7-076F-4DFD-86F1-29C353EFAC18 /* Build configuration list for PBXNativeTarget "mkctl" */ = {
			isa = XCConfigurationList;
			buildConfigurations = (
				C10EB3AB-3BC9-4D8C-AC1F-7FDB095C1AEC /* Debug */,
				98AC6615-B722-4C1D-8058-611D9AE9E21C /* Release */,
			);
			defaultConfigurationIsVisible = 0;
			defaultConfigurationName = Release;
		};
/* End XCConfigurationList section */
	};
	rootObject = BF3F3129-2413-4A9A-A209-5B6975931F7E /* Project object */;
}
